
Microsoft Visual Studio Solution File, Format Version 12.00
# Visual Studio Version 17
VisualStudioVersion = 17.2.32505.173
MinimumVisualStudioVersion = 10.0.40219.1
Project("{FAE04EC0-301F-11D3-BF4B-00C04F79EFBC}") = "CarRentalManagement.Server", "CarRentalManagement\Server\CarRentalManagement.Server.csproj", "{1B9B42C6-94DE-41A5-AFFF-47304404FA48}"
EndProject
Project("{FAE04EC0-301F-11D3-BF4B-00C04F79EFBC}") = "CarRentalManagement.Client", "CarRentalManagement\Client\CarRentalManagement.Client.csproj", "{710773BA-1927-43C0-A91B-8D6D568734A5}"
EndProject
Project("{FAE04EC0-301F-11D3-BF4B-00C04F79EFBC}") = "CarRentalManagement.Shared", "CarRentalManagement\Shared\CarRentalManagement.Shared.csproj", "{1D5B00E0-848E-4058-A15A-B1D1030798D7}"
EndProject
Global
	GlobalSection(SolutionConfigurationPlatforms) = preSolution
		Debug|Any CPU = Debug|Any CPU
		Release|Any CPU = Release|Any CPU
	EndGlobalSection
	GlobalSection(ProjectConfigurationPlatforms) = postSolution
		{1B9B42C6-94DE-41A5-AFFF-47304404FA48}.Debug|Any CPU.ActiveCfg = Debug|Any CPU
		{1B9B42C6-94DE-41A5-AFFF-47304404FA48}.Debug|Any CPU.Build.0 = Debug|Any CPU
		{1B9B42C6-94DE-41A5-AFFF-47304404FA48}.Release|Any CPU.ActiveCfg = Release|Any CPU
		{1B9B42C6-94DE-41A5-AFFF-47304404FA48}.Release|Any CPU.Build.0 = Release|Any CPU
		{710773BA-1927-43C0-A91B-8D6D568734A5}.Debug|Any CPU.ActiveCfg = Debug|Any CPU
		{710773BA-1927-43C0-A91B-8D6D568734A5}.Debug|Any CPU.Build.0 = Debug|Any CPU
		{710773BA-1927-43C0-A91B-8D6D568734A5}.Release|Any CPU.ActiveCfg = Release|Any CPU
		{710773BA-1927-43C0-A91B-8D6D568734A5}.Release|Any CPU.Build.0 = Release|Any CPU
		{1D5B00E0-848E-4058-A15A-B1D1030798D7}.Debug|Any CPU.ActiveCfg = Debug|Any CPU
		{1D5B00E0-848E-4058-A15A-B1D1030798D7}.Debug|Any CPU.Build.0 = Debug|Any CPU
		{1D5B00E0-848E-4058-A15A-B1D1030798D7}.Release|Any CPU.ActiveCfg = Release|Any CPU
		{1D5B00E0-848E-4058-A15A-B1D1030798D7}.Release|Any CPU.Build.0 = Release|Any CPU
	EndGlobalSection
	GlobalSection(SolutionProperties) = preSolution
		HideSolutionNode = FALSE
	EndGlobalSection
	GlobalSection(ExtensibilityGlobals) = postSolution
		SolutionGuid = {F8FF4D11-A766-463C-8033-E4DC4C237A2E}
	EndGlobalSection
EndGlobal
